---
label: Content Block
hide_body: true
display_field: headline
fields:
- type: text
  name: headline
  label: Headline
  default: Amo amas amat
- type: text
  name: link
  label: Link
  description: Enter a relative or absolute URL.
- type: file
  name: image
  label: Image
- type: textarea
  name: text
  label: text
  config:
    wysiwyg: true
    schema:
      format: markdown
  default: Nam consectetuer. Sed aliquam, nunc eget euismod ullamcorper, lectus nunc
    ullamcorper orci, fermentum bibendum enim nibh eget ipsum. Donec porttitor ligula
    eu dolor. Maecenas vitae nulla consequat libero cursus venenatis. Nam magna enim,
    accumsan eu, blandit sed, blandit a, eros.
pages:
- _posts/Autumnal Equinox 2019.md
